// !$*UTF8*$!
{
	archiveVersion = 1;
	classes = {
	};
	objectVersion = 46;
	objects = {

/* Begin PBXBuildFile section */
		D015DEA11BAB274F0070EB4E /* main.m in Sources */ = {isa = PBXBuildFile; fileRef = D015DEA01BAB274F0070EB4E /* main.m */; };
		D015DEA41BAB274F0070EB4E /* AppDelegate.m in Sources */ = {isa = PBXBuildFile; fileRef = D015DEA31BAB274F0070EB4E /* AppDelegate.m */; };
		D015DEA71BAB274F0070EB4E /* ViewController.m in Sources */ = {isa = PBXBuildFile; fileRef = D015DEA61BAB274F0070EB4E /* ViewController.m */; };
		D015DEAA1BAB274F0070EB4E /* Main.storyboard in Resources */ = {isa = PBXBuildFile; fileRef = D015DEA81BAB274F0070EB4E /* Main.storyboard */; };
		D015DEAC1BAB274F0070EB4E /* Images.xcassets in Resources */ = {isa = PBXBuildFile; fileRef = D015DEAB1BAB274F0070EB4E /* Images.xcassets */; };
		D015DEAF1BAB274F0070EB4E /* LaunchScreen.xib in Resources */ = {isa = PBXBuildFile; fileRef = D015DEAD1BAB274F0070EB4E /* LaunchScreen.xib */; };
		D015DEBB1BAB274F0070EB4E /* AppleTreeApplicationTests.m in Sources */ = {isa = PBXBuildFile; fileRef = D015DEBA1BAB274F0070EB4E /* AppleTreeApplicationTests.m */; };
		D015DEC61BAB2C9D0070EB4E /* Apple.m in Sources */ = {isa = PBXBuildFile; fileRef = D015DEC51BAB2C9D0070EB4E /* Apple.m */; };
/* End PBXBuildFile section */

/* Begin PBXContainerItemProxy section */
		D015DEB51BAB274F0070EB4E /* PBXContainerItemProxy */ = {
			isa = PBXContainerItemProxy;
			containerPortal = D015DE931BAB274F0070EB4E /* Project object */;
			proxyType = 1;
			remoteGlobalIDString = D015DE9A1BAB274F0070EB4E;
			remoteInfo = AppleTreeApplication;
		};
/* End PBXContainerItemProxy section */

/* Begin PBXFileReference section */
		D015DE9B1BAB274F0070EB4E /* AppleTreeApplication.app */ = {isa = PBXFileReference; explicitFileType = wrapper.application; includeInIndex = 0; path = AppleTreeApplication.app; sourceTree = BUILT_PRODUCTS_DIR; };
		D015DE9F1BAB274F0070EB4E /* Info.plist */ = {isa = PBXFileReference; lastKnownFileType = text.plist.xml; path = Info.plist; sourceTree = "<group>"; };
		D015DEA01BAB274F0070EB4E /* main.m */ = {isa = PBXFileReference; lastKnownFileType = sourcecode.c.objc; path = main.m; sourceTree = "<group>"; };
		D015DEA21BAB274F0070EB4E /* AppDelegate.h */ = {isa = PBXFileReference; lastKnownFileType = sourcecode.c.h; path = AppDelegate.h; sourceTree = "<group>"; };
		D015DEA31BAB274F0070EB4E /* AppDelegate.m */ = {isa = PBXFileReference; lastKnownFileType = sourcecode.c.objc; path = AppDelegate.m; sourceTree = "<group>"; };
		D015DEA51BAB274F0070EB4E /* ViewController.h */ = {isa = PBXFileReference; lastKnownFileType = sourcecode.c.h; path = ViewController.h; sourceTree = "<group>"; };
		D015DEA61BAB274F0070EB4E /* ViewController.m */ = {isa = PBXFileReference; lastKnownFileType = sourcecode.c.objc; path = ViewController.m; sourceTree = "<group>"; };
		D015DEA91BAB274F0070EB4E /* Base */ = {isa = PBXFileReference; lastKnownFileType = file.storyboard; name = Base; path = Base.lproj/Main.storyboard; sourceTree = "<group>"; };
		D015DEAB1BAB274F0070EB4E /* Images.xcassets */ = {isa = PBXFileReference; lastKnownFileType = folder.assetcatalog; path = Images.xcassets; sourceTree = "<group>"; };
		D015DEAE1BAB274F0070EB4E /* Base */ = {isa = PBXFileReference; lastKnownFileType = file.xib; name = Base; path = Base.lproj/LaunchScreen.xib; sourceTree = "<group>"; };
		D015DEB41BAB274F0070EB4E /* AppleTreeApplicationTests.xctest */ = {isa = PBXFileReference; explicitFileType = wrapper.cfbundle; includeInIndex = 0; path = AppleTreeApplicationTests.xctest; sourceTree = BUILT_PRODUCTS_DIR; };
		D015DEB91BAB274F0070EB4E /* Info.plist */ = {isa = PBXFileReference; lastKnownFileType = text.plist.xml; path = Info.plist; sourceTree = "<group>"; };
		D015DEBA1BAB274F0070EB4E /* AppleTreeApplicationTests.m */ = {isa = PBXFileReference; lastKnownFileType = sourcecode.c.objc; path = AppleTreeApplicationTests.m; sourceTree = "<group>"; };
		D015DEC41BAB2C9D0070EB4E /* Apple.h */ = {isa = PBXFileReference; fileEncoding = 4; lastKnownFileType = sourcecode.c.h; path = Apple.h; sourceTree = "<group>"; };
		D015DEC51BAB2C9D0070EB4E /* Apple.m */ = {isa = PBXFileReference; fileEncoding = 4; lastKnownFileType = sourcecode.c.objc; path = Apple.m; sourceTree = "<group>"; };
/* End PBXFileReference section */

/* Begin PBXFrameworksBuildPhase section */
		D015DE981BAB274F0070EB4E /* Frameworks */ = {
			isa = PBXFrameworksBuildPhase;
			buildActionMask = 2147483647;
			files = (
			);
			runOnlyForDeploymentPostprocessing = 0;
		};
		D015DEB11BAB274F0070EB4E /* Frameworks */ = {
			isa = PBXFrameworksBuildPhase;
			buildActionMask = 2147483647;
			files = (
			);
			runOnlyForDeploymentPostprocessing = 0;
		};
/* End PBXFrameworksBuildPhase section */

/* Begin PBXGroup section */
		D015DE921BAB274F0070EB4E = {
			isa = PBXGroup;
			children = (
				D015DE9D1BAB274F0070EB4E /* AppleTreeApplication */,
				D015DEB71BAB274F0070EB4E /* AppleTreeApplicationTests */,
				D015DE9C1BAB274F0070EB4E /* Products */,
			);
			sourceTree = "<group>";
		};
		D015DE9C1BAB274F0070EB4E /* Products */ = {
			isa = PBXGroup;
			children = (
				D015DE9B1BAB274F0070EB4E /* AppleTreeApplication.app */,
				D015DEB41BAB274F0070EB4E /* AppleTreeApplicationTests.xctest */,
			);
			name = Products;
			sourceTree = "<group>";
		};
		D015DE9D1BAB274F0070EB4E /* AppleTreeApplication */ = {
			isa = PBXGroup;
			children = (
				D015DEA21BAB274F0070EB4E /* AppDelegate.h */,
				D015DEA31BAB274F0070EB4E /* AppDelegate.m */,
				D015DEA51BAB274F0070EB4E /* ViewController.h */,
				D015DEA61BAB274F0070EB4E /* ViewController.m */,
				D015DEA81BAB274F0070EB4E /* Main.storyboard */,
				D015DEAB1BAB274F0070EB4E /* Images.xcassets */,
				D015DEAD1BAB274F0070EB4E /* LaunchScreen.xib */,
				D015DE9E1BAB274F0070EB4E /* Supporting Files */,
				D015DEC41BAB2C9D0070EB4E /* Apple.h */,
				D015DEC51BAB2C9D0070EB4E /* Apple.m */,
			);
			path = AppleTreeApplication;
			sourceTree = "<group>";
		};
		D015DE9E1BAB274F0070EB4E /* Supporting Files */ = {
			isa = PBXGroup;
			children = (
				D015DE9F1BAB274F0070EB4E /* Info.plist */,
				D015DEA01BAB274F0070EB4E /* main.m */,
			);
			name = "Supporting Files";
			sourceTree = "<group>";
		};
		D015DEB71BAB274F0070EB4E /* AppleTreeApplicationTests */ = {
			isa = PBXGroup;
			children = (
				D015DEBA1BAB274F0070EB4E /* AppleTreeApplicationTests.m */,
				D015DEB81BAB274F0070EB4E /* Supporting Files */,
			);
			path = AppleTreeApplicationTests;
			sourceTree = "<group>";
		};
		D015DEB81BAB274F0070EB4E /* Supporting Files */ = {
			isa = PBXGroup;
			children = (
				D015DEB91BAB274F0070EB4E /* Info.plist */,
			);
			name = "Supporting Files";
			sourceTree = "<group>";
		};
/* End PBXGroup section */

/* Begin PBXNativeTarget section */
		D015DE9A1BAB274F0070EB4E /* AppleTreeApplication */ = {
			isa = PBXNativeTarget;
			buildConfigurationList = D015DEBE1BAB274F0070EB4E /* Build configuration list for PBXNativeTarget "AppleTreeApplication" */;
			buildPhases = (
				D015DE971BAB274F0070EB4E /* Sources */,
				D015DE981BAB274F0070EB4E /* Frameworks */,
				D015DE991BAB274F0070EB4E /* Resources */,
			);
			buildRules = (
			);
			dependencies = (
			);
			name = AppleTreeApplication;
			productName = AppleTreeApplication;
			productReference = D015DE9B1BAB274F0070EB4E /* AppleTreeApplication.app */;
			productType = "com.apple.product-type.application";
		};
		D015DEB31BAB274F0070EB4E /* AppleTreeApplicationTests */ = {
			isa = PBXNativeTarget;
			buildConfigurationList = D015DEC11BAB274F0070EB4E /* Build configuration list for PBXNativeTarget "AppleTreeApplicationTests" */;
			buildPhases = (
				D015DEB01BAB274F0070EB4E /* Sources */,
				D015DEB11BAB274F0070EB4E /* Frameworks */,
				D015DEB21BAB274F0070EB4E /* Resources */,
			);
			buildRules = (
			);
			dependencies = (
				D015DEB61BAB274F0070EB4E /* PBXTargetDependency */,
			);
			name = AppleTreeApplicationTests;
			productName = AppleTreeApplicationTests;
			productReference = D015DEB41BAB274F0070EB4E /* AppleTreeApplicationTests.xctest */;
			productType = "com.apple.product-type.bundle.unit-test";
		};
/* End PBXNativeTarget section */

/* Begin PBXProject section */
		D015DE931BAB274F0070EB4E /* Project object */ = {
			isa = PBXProject;
			attributes = {
				LastUpgradeCheck = 0620;
				ORGANIZATIONNAME = fpmi;
				TargetAttributes = {
					D015DE9A1BAB274F0070EB4E = {
						CreatedOnToolsVersion = 6.2;
					};
					D015DEB31BAB274F0070EB4E = {
						CreatedOnToolsVersion = 6.2;
						TestTargetID = D015DE9A1BAB274F0070EB4E;
					};
				};
			};
			buildConfigurationList = D015DE961BAB274F0070EB4E /* Build configuration list for PBXProject "AppleTreeApplication" */;
			compatibilityVersion = "Xcode 3.2";
			developmentRegion = English;
			hasScannedForEncodings = 0;
			knownRegions = (
				en,
				Base,
			);
			mainGroup = D015DE921BAB274F0070EB4E;
			productRefGroup = D015DE9C1BAB274F0070EB4E /* Products */;
			projectDirPath = "";
			projectRoot = "";
			targets = (
				D015DE9A1BAB274F0070EB4E /* AppleTreeApplication */,
				D015DEB31BAB274F0070EB4E /* AppleTreeApplicationTests */,
			);
		};
/* End PBXProject section */

/* Begin PBXResourcesBuildPhase section */
		D015DE991BAB274F0070EB4E /* Resources */ = {
			isa = PBXResourcesBuildPhase;
			buildActionMask = 2147483647;
			files = (
				D015DEAA1BAB274F0070EB4E /* Main.storyboard in Resources */,
				D015DEAF1BAB274F0070EB4E /* LaunchScreen.xib in Resources */,
				D015DEAC1BAB274F0070EB4E /* Images.xcassets in Resources */,
			);
			runOnlyForDeploymentPostprocessing = 0;
		};
		D015DEB21BAB274F0070EB4E /* Resources */ = {
			isa = PBXResourcesBuildPhase;
			buildActionMask = 2147483647;
			files = (
			);
			runOnlyForDeploymentPostprocessing = 0;
		};
/* End PBXResourcesBuildPhase section */

/* Begin PBXSourcesBuildPhase section */
		D015DE971BAB274F0070EB4E /* Sources */ = {
			isa = PBXSourcesBuildPhase;
			buildActionMask = 2147483647;
			files = (
				D015DEC61BAB2C9D0070EB4E /* Apple.m in Sources */,
				D015DEA71BAB274F0070EB4E /* ViewController.m in Sources */,
				D015DEA41BAB274F0070EB4E /* AppDelegate.m in Sources */,
				D015DEA11BAB274F0070EB4E /* main.m in Sources */,
			);
			runOnlyForDeploymentPostprocessing = 0;
		};
		D015DEB01BAB274F0070EB4E /* Sources */ = {
			isa = PBXSourcesBuildPhase;
			buildActionMask = 2147483647;
			files = (
				D015DEBB1BAB274F0070EB4E /* AppleTreeApplicationTests.m in Sources */,
			);
			runOnlyForDeploymentPostprocessing = 0;
		};
/* End PBXSourcesBuildPhase section */

/* Begin PBXTargetDependency section */
		D015DEB61BAB274F0070EB4E /* PBXTargetDependency */ = {
			isa = PBXTargetDependency;
			target = D015DE9A1BAB274F0070EB4E /* AppleTreeApplication */;
			targetProxy = D015DEB51BAB274F0070EB4E /* PBXContainerItemProxy */;
		};
/* End PBXTargetDependency section */

/* Begin PBXVariantGroup section */
		D015DEA81BAB274F0070EB4E /* Main.storyboard */ = {
			isa = PBXVariantGroup;
			children = (
				D015DEA91BAB274F0070EB4E /* Base */,
			);
			name = Main.storyboard;
			sourceTree = "<group>";
		};
		D015DEAD1BAB274F0070EB4E /* LaunchScreen.xib */ = {
			isa = PBXVariantGroup;
			children = (
				D015DEAE1BAB274F0070EB4E /* Base */,
			);
			name = LaunchScreen.xib;
			sourceTree = "<group>";
		};
/* End PBXVariantGroup section */

/* Begin XCBuildConfiguration section */
		D015DEBC1BAB274F0070EB4E /* Debug */ = {
			isa = XCBuildConfiguration;
			buildSettings = {
				ALWAYS_SEARCH_USER_PATHS = NO;
				CLANG_CXX_LANGUAGE_STANDARD = "gnu++0x";
				CLANG_CXX_LIBRARY = "libc++";
				CLANG_ENABLE_MODULES = YES;
				CLANG_ENABLE_OBJC_ARC = YES;
				CLANG_WARN_BOOL_CONVERSION = YES;
				CLANG_WARN_CONSTANT_CONVERSION = YES;
				CLANG_WARN_DIRECT_OBJC_ISA_USAGE = YES_ERROR;
				CLANG_WARN_EMPTY_BODY = YES;
				CLANG_WARN_ENUM_CONVERSION = YES;
				CLANG_WARN_INT_CONVERSION = YES;
				CLANG_WARN_OBJC_ROOT_CLASS = YES_ERROR;
				CLANG_WARN_UNREACHABLE_CODE = YES;
				CLANG_WARN__DUPLICATE_METHOD_MATCH = YES;
				"CODE_SIGN_IDENTITY[sdk=iphoneos*]" = "iPhone Developer";
				COPY_PHASE_STRIP = NO;
				ENABLE_STRICT_OBJC_MSGSEND = YES;
				GCC_C_LANGUAGE_STANDARD = gnu99;
				GCC_DYNAMIC_NO_PIC = NO;
				GCC_OPTIMIZATION_LEVEL = 0;
				GCC_PREPROCESSOR_DEFINITIONS = (
					"DEBUG=1",
					"$(inherited)",
				);
				GCC_SYMBOLS_PRIVATE_EXTERN = NO;
				GCC_WARN_64_TO_32_BIT_CONVERSION = YES;
				GCC_WARN_ABOUT_RETURN_TYPE = YES_ERROR;
				GCC_WARN_UNDECLARED_SELECTOR = YES;
				GCC_WARN_UNINITIALIZED_AUTOS = YES_AGGRESSIVE;
				GCC_WARN_UNUSED_FUNCTION = YES;
				GCC_WARN_UNUSED_VARIABLE = YES;
				IPHONEOS_DEPLOYMENT_TARGET = 8.2;
				MTL_ENABLE_DEBUG_INFO = YES;
				ONLY_ACTIVE_ARCH = YES;
				SDKROOT = iphoneos;
			};
			name = Debug;
		};
		D015DEBD1BAB274F0070EB4E /* Release */ = {
			isa = XCBuildConfiguration;
			buildSettings = {
				ALWAYS_SEARCH_USER_PATHS = NO;
				CLANG_CXX_LANGUAGE_STANDARD = "gnu++0x";
				CLANG_CXX_LIBRARY = "libc++";
				CLANG_ENABLE_MODULES = YES;
				CLANG_ENABLE_OBJC_ARC = YES;
				CLANG_WARN_BOOL_CONVERSION = YES;
				CLANG_WARN_CONSTANT_CONVERSION = YES;
				CLANG_WARN_DIRECT_OBJC_ISA_USAGE = YES_ERROR;
				CLANG_WARN_EMPTY_BODY = YES;
				CLANG_WARN_ENUM_CONVERSION = YES;
				CLANG_WARN_INT_CONVERSION = YES;
				CLANG_WARN_OBJC_ROOT_CLASS = YES_ERROR;
				CLANG_WARN_UNREACHABLE_CODE = YES;
				CLANG_WARN__DUPLICATE_METHOD_MATCH = YES;
				"CODE_SIGN_IDENTITY[sdk=iphoneos*]" = "iPhone Developer";
				COPY_PHASE_STRIP = NO;
				ENABLE_NS_ASSERTIONS = NO;
				ENABLE_STRICT_OBJC_MSGSEND = YES;
				GCC_C_LANGUAGE_STANDARD = gnu99;
				GCC_WARN_64_TO_32_BIT_CONVERSION = YES;
				GCC_WARN_ABOUT_RETURN_TYPE = YES_ERROR;
				GCC_WARN_UNDECLARED_SELECTOR = YES;
				GCC_WARN_UNINITIALIZED_AUTOS = YES_AGGRESSIVE;
				GCC_WARN_UNUSED_FUNCTION = YES;
				GCC_WARN_UNUSED_VARIABLE = YES;
				IPHONEOS_DEPLOYMENT_TARGET = 8.2;
				MTL_ENABLE_DEBUG_INFO = NO;
				SDKROOT = iphoneos;
				VALIDATE_PRODUCT = YES;
			};
			name = Release;
		};
		D015DEBF1BAB274F0070EB4E /* Debug */ = {
			isa = XCBuildConfiguration;
			buildSettings = {
				ASSETCATALOG_COMPILER_APPICON_NAME = AppIcon;
				INFOPLIST_FILE = AppleTreeApplication/Info.plist;
				LD_RUNPATH_SEARCH_PATHS = "$(inherited) @executable_path/Frameworks";
				PRODUCT_NAME = "$(TARGET_NAME)";
			};
			name = Debug;
		};
		D015DEC01BAB274F0070EB4E /* Release */ = {
			isa = XCBuildConfiguration;
			buildSettings = {
				ASSETCATALOG_COMPILER_APPICON_NAME = AppIcon;
				INFOPLIST_FILE = AppleTreeApplication/Info.plist;
				LD_RUNPATH_SEARCH_PATHS = "$(inherited) @executable_path/Frameworks";
				PRODUCT_NAME = "$(TARGET_NAME)";
			};
			name = Release;
		};
		D015DEC21BAB274F0070EB4E /* Debug */ = {
			isa = XCBuildConfiguration;
			buildSettings = {
				BUNDLE_LOADER = "$(TEST_HOST)";
				FRAMEWORK_SEARCH_PATHS = (
					"$(SDKROOT)/Developer/Library/Frameworks",
					"$(inherited)",
				);
				GCC_PREPROCESSOR_DEFINITIONS = (
					"DEBUG=1",
					"$(inherited)",
				);
				INFOPLIST_FILE = AppleTreeApplicationTests/Info.plist;
				LD_RUNPATH_SEARCH_PATHS = "$(inherited) @executable_path/Frameworks @loader_path/Frameworks";
				PRODUCT_NAME = "$(TARGET_NAME)";
				TEST_HOST = "$(BUILT_PRODUCTS_DIR)/AppleTreeApplication.app/AppleTreeApplication";
			};
			name = Debug;
		};
		D015DEC31BAB274F0070EB4E /* Release */ = {
			isa = XCBuildConfiguration;
			buildSettings = {
				BUNDLE_LOADER = "$(TEST_HOST)";
				FRAMEWORK_SEARCH_PATHS = (
					"$(SDKROOT)/Developer/Library/Frameworks",
					"$(inherited)",
				);
				INFOPLIST_FILE = AppleTreeApplicationTests/Info.plist;
				LD_RUNPATH_SEARCH_PATHS = "$(inherited) @executable_path/Frameworks @loader_path/Frameworks";
				PRODUCT_NAME = "$(TARGET_NAME)";
				TEST_HOST = "$(BUILT_PRODUCTS_DIR)/AppleTreeApplication.app/AppleTreeApplication";
			};
			name = Release;
		};
/* End XCBuildConfiguration section */

/* Begin XCConfigurationList section */
		D015DE961BAB274F0070EB4E /* Build configuration list for PBXProject "AppleTreeApplication" */ = {
			isa = XCConfigurationList;
			buildConfigurations = (
				D015DEBC1BAB274F0070EB4E /* Debug */,
				D015DEBD1BAB274F0070EB4E /* Release */,
			);
			defaultConfigurationIsVisible = 0;
			defaultConfigurationName = Release;
		};
		D015DEBE1BAB274F0070EB4E /* Build configuration list for PBXNativeTarget "AppleTreeApplication" */ = {
			isa = XCConfigurationList;
			buildConfigurations = (
				D015DEBF1BAB274F0070EB4E /* Debug */,
				D015DEC01BAB274F0070EB4E /* Release */,
			);
			defaultConfigurationIsVisible = 0;
		};
		D015DEC11BAB274F0070EB4E /* Build configuration list for PBXNativeTarget "AppleTreeApplicationTests" */ = {
			isa = XCConfigurationList;
			buildConfigurations = (
				D015DEC21BAB274F0070EB4E /* Debug */,
				D015DEC31BAB274F0070EB4E /* Release */,
			);
			defaultConfigurationIsVisible = 0;
		};
/* End XCConfigurationList section */
	};
	rootObject = D015DE931BAB274F0070EB4E /* Project object */;
}
